
Microsoft Visual Studio Solution File, Format Version 12.00
# Visual Studio 15
VisualStudioVersion = 15.0.28010.2046
MinimumVisualStudioVersion = 10.0.40219.1
Project("{FAE04EC0-301F-11D3-BF4B-00C04F79EFBC}") = "Kelompok35.Android", "Kelompok35\Kelompok35.Android\Kelompok35.Android.csproj", "{4348C7C7-237C-4CE1-B40F-2FC7EB0057EA}"
EndProject
Project("{FAE04EC0-301F-11D3-BF4B-00C04F79EFBC}") = "Kelompok35.iOS", "Kelompok35\Kelompok35.iOS\Kelompok35.iOS.csproj", "{EF3A82AF-972A-41E6-A916-E9988C4F38FE}"
EndProject
Project("{FAE04EC0-301F-11D3-BF4B-00C04F79EFBC}") = "Kelompok35", "Kelompok35\Kelompok35\Kelompok35.csproj", "{1331C042-6112-442F-824E-5E8BB7A367FA}"
EndProject
Global
	GlobalSection(SolutionConfigurationPlatforms) = preSolution
		Ad-Hoc|Any CPU = Ad-Hoc|Any CPU
		Ad-Hoc|iPhone = Ad-Hoc|iPhone
		Ad-Hoc|iPhoneSimulator = Ad-Hoc|iPhoneSimulator
		AppStore|Any CPU = AppStore|Any CPU
		AppStore|iPhone = AppStore|iPhone
		AppStore|iPhoneSimulator = AppStore|iPhoneSimulator
		Debug|Any CPU = Debug|Any CPU
		Debug|iPhone = Debug|iPhone
		Debug|iPhoneSimulator = Debug|iPhoneSimulator
		Release|Any CPU = Release|Any CPU
		Release|iPhone = Release|iPhone
		Release|iPhoneSimulator = Release|iPhoneSimulator
	EndGlobalSection
	GlobalSection(ProjectConfigurationPlatforms) = postSolution
		{4348C7C7-237C-4CE1-B40F-2FC7EB0057EA}.Ad-Hoc|Any CPU.ActiveCfg = Release|Any CPU
		{4348C7C7-237C-4CE1-B40F-2FC7EB0057EA}.Ad-Hoc|Any CPU.Build.0 = Release|Any CPU
		{4348C7C7-237C-4CE1-B40F-2FC7EB0057EA}.Ad-Hoc|Any CPU.Deploy.0 = Release|Any CPU
		{4348C7C7-237C-4CE1-B40F-2FC7EB0057EA}.Ad-Hoc|iPhone.ActiveCfg = Release|Any CPU
		{4348C7C7-237C-4CE1-B40F-2FC7EB0057EA}.Ad-Hoc|iPhone.Build.0 = Release|Any CPU
		{4348C7C7-237C-4CE1-B40F-2FC7EB0057EA}.Ad-Hoc|iPhone.Deploy.0 = Release|Any CPU
		{4348C7C7-237C-4CE1-B40F-2FC7EB0057EA}.Ad-Hoc|iPhoneSimulator.ActiveCfg = Release|Any CPU
		{4348C7C7-237C-4CE1-B40F-2FC7EB0057EA}.Ad-Hoc|iPhoneSimulator.Build.0 = Release|Any CPU
		{4348C7C7-237C-4CE1-B40F-2FC7EB0057EA}.Ad-Hoc|iPhoneSimulator.Deploy.0 = Release|Any CPU
		{4348C7C7-237C-4CE1-B40F-2FC7EB0057EA}.AppStore|Any CPU.ActiveCfg = Release|Any CPU
		{4348C7C7-237C-4CE1-B40F-2FC7EB0057EA}.AppStore|Any CPU.Build.0 = Release|Any CPU
		{4348C7C7-237C-4CE1-B40F-2FC7EB0057EA}.AppStore|Any CPU.Deploy.0 = Release|Any CPU
		{4348C7C7-237C-4CE1-B40F-2FC7EB0057EA}.AppStore|iPhone.ActiveCfg = Release|Any CPU
		{4348C7C7-237C-4CE1-B40F-2FC7EB0057EA}.AppStore|iPhone.Build.0 = Release|Any CPU
		{4348C7C7-237C-4CE1-B40F-2FC7EB0057EA}.AppStore|iPhone.Deploy.0 = Release|Any CPU
		{4348C7C7-237C-4CE1-B40F-2FC7EB0057EA}.AppStore|iPhoneSimulator.ActiveCfg = Release|Any CPU
		{4348C7C7-237C-4CE1-B40F-2FC7EB0057EA}.AppStore|iPhoneSimulator.Build.0 = Release|Any CPU
		{4348C7C7-237C-4CE1-B40F-2FC7EB0057EA}.AppStore|iPhoneSimulator.Deploy.0 = Release|Any CPU
		{4348C7C7-237C-4CE1-B40F-2FC7EB0057EA}.Debug|Any CPU.ActiveCfg = Debug|Any CPU
		{4348C7C7-237C-4CE1-B40F-2FC7EB0057EA}.Debug|Any CPU.Build.0 = Debug|Any CPU
		{4348C7C7-237C-4CE1-B40F-2FC7EB0057EA}.Debug|Any CPU.Deploy.0 = Debug|Any CPU
		{4348C7C7-237C-4CE1-B40F-2FC7EB0057EA}.Debug|iPhone.ActiveCfg = Debug|Any CPU
		{4348C7C7-237C-4CE1-B40F-2FC7EB0057EA}.Debug|iPhone.Build.0 = Debug|Any CPU
		{4348C7C7-237C-4CE1-B40F-2FC7EB0057EA}.Debug|iPhone.Deploy.0 = Debug|Any CPU
		{4348C7C7-237C-4CE1-B40F-2FC7EB0057EA}.Debug|iPhoneSimulator.ActiveCfg = Debug|Any CPU
		{4348C7C7-237C-4CE1-B40F-2FC7EB0057EA}.Debug|iPhoneSimulator.Build.0 = Debug|Any CPU
		{4348C7C7-237C-4CE1-B40F-2FC7EB0057EA}.Debug|iPhoneSimulator.Deploy.0 = Debug|Any CPU
		{4348C7C7-237C-4CE1-B40F-2FC7EB0057EA}.Release|Any CPU.ActiveCfg = Release|Any CPU
		{4348C7C7-237C-4CE1-B40F-2FC7EB0057EA}.Release|Any CPU.Build.0 = Release|Any CPU
		{4348C7C7-237C-4CE1-B40F-2FC7EB0057EA}.Release|Any CPU.Deploy.0 = Release|Any CPU
		{4348C7C7-237C-4CE1-B40F-2FC7EB0057EA}.Release|iPhone.ActiveCfg = Release|Any CPU
		{4348C7C7-237C-4CE1-B40F-2FC7EB0057EA}.Release|iPhone.Build.0 = Release|Any CPU
		{4348C7C7-237C-4CE1-B40F-2FC7EB0057EA}.Release|iPhone.Deploy.0 = Release|Any CPU
		{4348C7C7-237C-4CE1-B40F-2FC7EB0057EA}.Release|iPhoneSimulator.ActiveCfg = Release|Any CPU
		{4348C7C7-237C-4CE1-B40F-2FC7EB0057EA}.Release|iPhoneSimulator.Build.0 = Release|Any CPU
		{4348C7C7-237C-4CE1-B40F-2FC7EB0057EA}.Release|iPhoneSimulator.Deploy.0 = Release|Any CPU
		{EF3A82AF-972A-41E6-A916-E9988C4F38FE}.Ad-Hoc|Any CPU.ActiveCfg = Ad-Hoc|iPhone
		{EF3A82AF-972A-41E6-A916-E9988C4F38FE}.Ad-Hoc|Any CPU.Build.0 = Ad-Hoc|iPhone
		{EF3A82AF-972A-41E6-A916-E9988C4F38FE}.Ad-Hoc|Any CPU.Deploy.0 = Ad-Hoc|iPhone
		{EF3A82AF-972A-41E6-A916-E9988C4F38FE}.Ad-Hoc|iPhone.ActiveCfg = Ad-Hoc|iPhone
		{EF3A82AF-972A-41E6-A916-E9988C4F38FE}.Ad-Hoc|iPhone.Build.0 = Ad-Hoc|iPhone
		{EF3A82AF-972A-41E6-A916-E9988C4F38FE}.Ad-Hoc|iPhone.Deploy.0 = Ad-Hoc|iPhone
		{EF3A82AF-972A-41E6-A916-E9988C4F38FE}.Ad-Hoc|iPhoneSimulator.ActiveCfg = Ad-Hoc|iPhoneSimulator
		{EF3A82AF-972A-41E6-A916-E9988C4F38FE}.Ad-Hoc|iPhoneSimulator.Build.0 = Ad-Hoc|iPhoneSimulator
		{EF3A82AF-972A-41E6-A916-E9988C4F38FE}.Ad-Hoc|iPhoneSimulator.Deploy.0 = Ad-Hoc|iPhoneSimulator
		{EF3A82AF-972A-41E6-A916-E9988C4F38FE}.AppStore|Any CPU.ActiveCfg = AppStore|iPhone
		{EF3A82AF-972A-41E6-A916-E9988C4F38FE}.AppStore|Any CPU.Build.0 = AppStore|iPhone
		{EF3A82AF-972A-41E6-A916-E9988C4F38FE}.AppStore|Any CPU.Deploy.0 = AppStore|iPhone
		{EF3A82AF-972A-41E6-A916-E9988C4F38FE}.AppStore|iPhone.ActiveCfg = AppStore|iPhone
		{EF3A82AF-972A-41E6-A916-E9988C4F38FE}.AppStore|iPhone.Build.0 = AppStore|iPhone
		{EF3A82AF-972A-41E6-A916-E9988C4F38FE}.AppStore|iPhone.Deploy.0 = AppStore|iPhone
		{EF3A82AF-972A-41E6-A916-E9988C4F38FE}.AppStore|iPhoneSimulator.ActiveCfg = AppStore|iPhoneSimulator
		{EF3A82AF-972A-41E6-A916-E9988C4F38FE}.AppStore|iPhoneSimulator.Build.0 = AppStore|iPhoneSimulator
		{EF3A82AF-972A-41E6-A916-E9988C4F38FE}.AppStore|iPhoneSimulator.Deploy.0 = AppStore|iPhoneSimulator
		{EF3A82AF-972A-41E6-A916-E9988C4F38FE}.Debug|Any CPU.ActiveCfg = Debug|iPhoneSimulator
		{EF3A82AF-972A-41E6-A916-E9988C4F38FE}.Debug|Any CPU.Build.0 = Debug|iPhoneSimulator
		{EF3A82AF-972A-41E6-A916-E9988C4F38FE}.Debug|Any CPU.Deploy.0 = Debug|iPhoneSimulator
		{EF3A82AF-972A-41E6-A916-E9988C4F38FE}.Debug|iPhone.ActiveCfg = Debug|iPhone
		{EF3A82AF-972A-41E6-A916-E9988C4F38FE}.Debug|iPhone.Build.0 = Debug|iPhone
		{EF3A82AF-972A-41E6-A916-E9988C4F38FE}.Debug|iPhone.Deploy.0 = Debug|iPhone
		{EF3A82AF-972A-41E6-A916-E9988C4F38FE}.Debug|iPhoneSimulator.ActiveCfg = Debug|iPhoneSimulator
		{EF3A82AF-972A-41E6-A916-E9988C4F38FE}.Debug|iPhoneSimulator.Build.0 = Debug|iPhoneSimulator
		{EF3A82AF-972A-41E6-A916-E9988C4F38FE}.Debug|iPhoneSimulator.Deploy.0 = Debug|iPhoneSimulator
		{EF3A82AF-972A-41E6-A916-E9988C4F38FE}.Release|Any CPU.ActiveCfg = Release|iPhone
		{EF3A82AF-972A-41E6-A916-E9988C4F38FE}.Release|Any CPU.Build.0 = Release|iPhone
		{EF3A82AF-972A-41E6-A916-E9988C4F38FE}.Release|Any CPU.Deploy.0 = Release|iPhone
		{EF3A82AF-972A-41E6-A916-E9988C4F38FE}.Release|iPhone.ActiveCfg = Release|iPhone
		{EF3A82AF-972A-41E6-A916-E9988C4F38FE}.Release|iPhone.Build.0 = Release|iPhone
		{EF3A82AF-972A-41E6-A916-E9988C4F38FE}.Release|iPhone.Deploy.0 = Release|iPhone
		{EF3A82AF-972A-41E6-A916-E9988C4F38FE}.Release|iPhoneSimulator.ActiveCfg = Release|iPhoneSimulator
		{EF3A82AF-972A-41E6-A916-E9988C4F38FE}.Release|iPhoneSimulator.Build.0 = Release|iPhoneSimulator
		{EF3A82AF-972A-41E6-A916-E9988C4F38FE}.Release|iPhoneSimulator.Deploy.0 = Release|iPhoneSimulator
		{1331C042-6112-442F-824E-5E8BB7A367FA}.Ad-Hoc|Any CPU.ActiveCfg = Debug|Any CPU
		{1331C042-6112-442F-824E-5E8BB7A367FA}.Ad-Hoc|Any CPU.Build.0 = Debug|Any CPU
		{1331C042-6112-442F-824E-5E8BB7A367FA}.Ad-Hoc|Any CPU.Deploy.0 = Debug|Any CPU
		{1331C042-6112-442F-824E-5E8BB7A367FA}.Ad-Hoc|iPhone.ActiveCfg = Debug|Any CPU
		{1331C042-6112-442F-824E-5E8BB7A367FA}.Ad-Hoc|iPhone.Build.0 = Debug|Any CPU
		{1331C042-6112-442F-824E-5E8BB7A367FA}.Ad-Hoc|iPhone.Deploy.0 = Debug|Any CPU
		{1331C042-6112-442F-824E-5E8BB7A367FA}.Ad-Hoc|iPhoneSimulator.ActiveCfg = Debug|Any CPU
		{1331C042-6112-442F-824E-5E8BB7A367FA}.Ad-Hoc|iPhoneSimulator.Build.0 = Debug|Any CPU
		{1331C042-6112-442F-824E-5E8BB7A367FA}.Ad-Hoc|iPhoneSimulator.Deploy.0 = Debug|Any CPU
		{1331C042-6112-442F-824E-5E8BB7A367FA}.AppStore|Any CPU.ActiveCfg = Debug|Any CPU
		{1331C042-6112-442F-824E-5E8BB7A367FA}.AppStore|Any CPU.Build.0 = Debug|Any CPU
		{1331C042-6112-442F-824E-5E8BB7A367FA}.AppStore|Any CPU.Deploy.0 = Debug|Any CPU
		{1331C042-6112-442F-824E-5E8BB7A367FA}.AppStore|iPhone.ActiveCfg = Debug|Any CPU
		{1331C042-6112-442F-824E-5E8BB7A367FA}.AppStore|iPhone.Build.0 = Debug|Any CPU
		{1331C042-6112-442F-824E-5E8BB7A367FA}.AppStore|iPhone.Deploy.0 = Debug|Any CPU
		{1331C042-6112-442F-824E-5E8BB7A367FA}.AppStore|iPhoneSimulator.ActiveCfg = Debug|Any CPU
		{1331C042-6112-442F-824E-5E8BB7A367FA}.AppStore|iPhoneSimulator.Build.0 = Debug|Any CPU
		{1331C042-6112-442F-824E-5E8BB7A367FA}.AppStore|iPhoneSimulator.Deploy.0 = Debug|Any CPU
		{1331C042-6112-442F-824E-5E8BB7A367FA}.Debug|Any CPU.ActiveCfg = Debug|Any CPU
		{1331C042-6112-442F-824E-5E8BB7A367FA}.Debug|Any CPU.Build.0 = Debug|Any CPU
		{1331C042-6112-442F-824E-5E8BB7A367FA}.Debug|Any CPU.Deploy.0 = Debug|Any CPU
		{1331C042-6112-442F-824E-5E8BB7A367FA}.Debug|iPhone.ActiveCfg = Debug|Any CPU
		{1331C042-6112-442F-824E-5E8BB7A367FA}.Debug|iPhone.Build.0 = Debug|Any CPU
		{1331C042-6112-442F-824E-5E8BB7A367FA}.Debug|iPhone.Deploy.0 = Debug|Any CPU
		{1331C042-6112-442F-824E-5E8BB7A367FA}.Debug|iPhoneSimulator.ActiveCfg = Debug|Any CPU
		{1331C042-6112-442F-824E-5E8BB7A367FA}.Debug|iPhoneSimulator.Build.0 = Debug|Any CPU
		{1331C042-6112-442F-824E-5E8BB7A367FA}.Debug|iPhoneSimulator.Deploy.0 = Debug|Any CPU
		{1331C042-6112-442F-824E-5E8BB7A367FA}.Release|Any CPU.ActiveCfg = Release|Any CPU
		{1331C042-6112-442F-824E-5E8BB7A367FA}.Release|Any CPU.Build.0 = Release|Any CPU
		{1331C042-6112-442F-824E-5E8BB7A367FA}.Release|Any CPU.Deploy.0 = Release|Any CPU
		{1331C042-6112-442F-824E-5E8BB7A367FA}.Release|iPhone.ActiveCfg = Release|Any CPU
		{1331C042-6112-442F-824E-5E8BB7A367FA}.Release|iPhone.Build.0 = Release|Any CPU
		{1331C042-6112-442F-824E-5E8BB7A367FA}.Release|iPhone.Deploy.0 = Release|Any CPU
		{1331C042-6112-442F-824E-5E8BB7A367FA}.Release|iPhoneSimulator.ActiveCfg = Release|Any CPU
		{1331C042-6112-442F-824E-5E8BB7A367FA}.Release|iPhoneSimulator.Build.0 = Release|Any CPU
		{1331C042-6112-442F-824E-5E8BB7A367FA}.Release|iPhoneSimulator.Deploy.0 = Release|Any CPU
	EndGlobalSection
	GlobalSection(SolutionProperties) = preSolution
		HideSolutionNode = FALSE
	EndGlobalSection
	GlobalSection(ExtensibilityGlobals) = postSolution
		SolutionGuid = {8917EAB4-AF1A-48FA-AB6E-8D1A3307BAC9}
	EndGlobalSection
EndGlobal
